
Microsoft Visual Studio Solution File, Format Version 12.00
# Visual Studio 15
VisualStudioVersion = 15.0.28010.2026
MinimumVisualStudioVersion = 10.0.40219.1
Project("{FAE04EC0-301F-11D3-BF4B-00C04F79EFBC}") = "KasperskyTask", "KasperskyTask\KasperskyTask.csproj", "{AB43A185-1246-44F6-8C8E-6B47F5FA5843}"
EndProject
Global
	GlobalSection(SolutionConfigurationPlatforms) = preSolution
		Debug|Any CPU = Debug|Any CPU
		Release|Any CPU = Release|Any CPU
	EndGlobalSection
	GlobalSection(ProjectConfigurationPlatforms) = postSolution
		{AB43A185-1246-44F6-8C8E-6B47F5FA5843}.Debug|Any CPU.ActiveCfg = Debug|Any CPU
		{AB43A185-1246-44F6-8C8E-6B47F5FA5843}.Debug|Any CPU.Build.0 = Debug|Any CPU
		{AB43A185-1246-44F6-8C8E-6B47F5FA5843}.Release|Any CPU.ActiveCfg = Release|Any CPU
		{AB43A185-1246-44F6-8C8E-6B47F5FA5843}.Release|Any CPU.Build.0 = Release|Any CPU
	EndGlobalSection
	GlobalSection(SolutionProperties) = preSolution
		HideSolutionNode = FALSE
	EndGlobalSection
	GlobalSection(ExtensibilityGlobals) = postSolution
		SolutionGuid = {CF2619BD-06DF-4B18-975B-46F84F1B664C}
	EndGlobalSection
EndGlobal
